// !$*UTF8*$!
{
	archiveVersion = 1;
	classes = {
	};
	objectVersion = 56;
	objects = {

/* Begin PBXBuildFile section */
		1D62FD5A569CE0D95A2695C3 /* Pods_NetworkConnectivityCheck.framework in Frameworks */ = {isa = PBXBuildFile; fileRef = 4EC50CC9A2EAF94230234DF9 /* Pods_NetworkConnectivityCheck.framework */; };
		2EDAD2B42A135F250030FA42 /* AppDelegate.swift in Sources */ = {isa = PBXBuildFile; fileRef = 2EDAD2B32A135F250030FA42 /* AppDelegate.swift */; };
		2EDAD2B62A135F250030FA42 /* SceneDelegate.swift in Sources */ = {isa = PBXBuildFile; fileRef = 2EDAD2B52A135F250030FA42 /* SceneDelegate.swift */; };
		2EDAD2B82A135F250030FA42 /* ViewController.swift in Sources */ = {isa = PBXBuildFile; fileRef = 2EDAD2B72A135F250030FA42 /* ViewController.swift */; };
		2EDAD2BB2A135F250030FA42 /* Main.storyboard in Resources */ = {isa = PBXBuildFile; fileRef = 2EDAD2B92A135F250030FA42 /* Main.storyboard */; };
		2EDAD2BE2A135F250030FA42 /* NetworkConnectivityCheck.xcdatamodeld in Sources */ = {isa = PBXBuildFile; fileRef = 2EDAD2BC2A135F250030FA42 /* NetworkConnectivityCheck.xcdatamodeld */; };
		2EDAD2C02A135F280030FA42 /* Assets.xcassets in Resources */ = {isa = PBXBuildFile; fileRef = 2EDAD2BF2A135F280030FA42 /* Assets.xcassets */; };
		2EDAD2C32A135F280030FA42 /* LaunchScreen.storyboard in Resources */ = {isa = PBXBuildFile; fileRef = 2EDAD2C12A135F280030FA42 /* LaunchScreen.storyboard */; };
/* End PBXBuildFile section */

/* Begin PBXFileReference section */
		2EDAD2B02A135F250030FA42 /* NetworkConnectivityCheck.app */ = {isa = PBXFileReference; explicitFileType = wrapper.application; includeInIndex = 0; path = NetworkConnectivityCheck.app; sourceTree = BUILT_PRODUCTS_DIR; };
		2EDAD2B32A135F250030FA42 /* AppDelegate.swift */ = {isa = PBXFileReference; lastKnownFileType = sourcecode.swift; path = AppDelegate.swift; sourceTree = "<group>"; };
		2EDAD2B52A135F250030FA42 /* SceneDelegate.swift */ = {isa = PBXFileReference; lastKnownFileType = sourcecode.swift; path = SceneDelegate.swift; sourceTree = "<group>"; };
		2EDAD2B72A135F250030FA42 /* ViewController.swift */ = {isa = PBXFileReference; lastKnownFileType = sourcecode.swift; path = ViewController.swift; sourceTree = "<group>"; };
		2EDAD2BA2A135F250030FA42 /* Base */ = {isa = PBXFileReference; lastKnownFileType = file.storyboard; name = Base; path = Base.lproj/Main.storyboard; sourceTree = "<group>"; };
		2EDAD2BD2A135F250030FA42 /* NetworkConnectivityCheck.xcdatamodel */ = {isa = PBXFileReference; lastKnownFileType = wrapper.xcdatamodel; path = NetworkConnectivityCheck.xcdatamodel; sourceTree = "<group>"; };
		2EDAD2BF2A135F280030FA42 /* Assets.xcassets */ = {isa = PBXFileReference; lastKnownFileType = folder.assetcatalog; path = Assets.xcassets; sourceTree = "<group>"; };
		2EDAD2C22A135F280030FA42 /* Base */ = {isa = PBXFileReference; lastKnownFileType = file.storyboard; name = Base; path = Base.lproj/LaunchScreen.storyboard; sourceTree = "<group>"; };
		2EDAD2C42A135F280030FA42 /* Info.plist */ = {isa = PBXFileReference; lastKnownFileType = text.plist.xml; path = Info.plist; sourceTree = "<group>"; };
		4EC50CC9A2EAF94230234DF9 /* Pods_NetworkConnectivityCheck.framework */ = {isa = PBXFileReference; explicitFileType = wrapper.framework; includeInIndex = 0; path = Pods_NetworkConnectivityCheck.framework; sourceTree = BUILT_PRODUCTS_DIR; };
		69EFE26734DB0840540E59B8 /* Pods-NetworkConnectivityCheck.debug.xcconfig */ = {isa = PBXFileReference; includeInIndex = 1; lastKnownFileType = text.xcconfig; name = "Pods-NetworkConnectivityCheck.debug.xcconfig"; path = "Target Support Files/Pods-NetworkConnectivityCheck/Pods-NetworkConnectivityCheck.debug.xcconfig"; sourceTree = "<group>"; };
		E3290EAB7B8901144FD27465 /* Pods-NetworkConnectivityCheck.release.xcconfig */ = {isa = PBXFileReference; includeInIndex = 1; lastKnownFileType = text.xcconfig; name = "Pods-NetworkConnectivityCheck.release.xcconfig"; path = "Target Support Files/Pods-NetworkConnectivityCheck/Pods-NetworkConnectivityCheck.release.xcconfig"; sourceTree = "<group>"; };
/* End PBXFileReference section */

/* Begin PBXFrameworksBuildPhase section */
		2EDAD2AD2A135F250030FA42 /* Frameworks */ = {
			isa = PBXFrameworksBuildPhase;
			buildActionMask = 2147483647;
			files = (
				1D62FD5A569CE0D95A2695C3 /* Pods_NetworkConnectivityCheck.framework in Frameworks */,
			);
			runOnlyForDeploymentPostprocessing = 0;
		};
/* End PBXFrameworksBuildPhase section */

/* Begin PBXGroup section */
		2181F21FB497F579E24D1B4B /* Frameworks */ = {
			isa = PBXGroup;
			children = (
				4EC50CC9A2EAF94230234DF9 /* Pods_NetworkConnectivityCheck.framework */,
			);
			name = Frameworks;
			sourceTree = "<group>";
		};
		22BD352D3CD745F92C86F62B /* Pods */ = {
			isa = PBXGroup;
			children = (
				69EFE26734DB0840540E59B8 /* Pods-NetworkConnectivityCheck.debug.xcconfig */,
				E3290EAB7B8901144FD27465 /* Pods-NetworkConnectivityCheck.release.xcconfig */,
			);
			name = Pods;
			path = Pods;
			sourceTree = "<group>";
		};
		2EDAD2A72A135F250030FA42 = {
			isa = PBXGroup;
			children = (
				2EDAD2B22A135F250030FA42 /* NetworkConnectivityCheck */,
				2EDAD2B12A135F250030FA42 /* Products */,
				22BD352D3CD745F92C86F62B /* Pods */,
				2181F21FB497F579E24D1B4B /* Frameworks */,
			);
			sourceTree = "<group>";
		};
		2EDAD2B12A135F250030FA42 /* Products */ = {
			isa = PBXGroup;
			children = (
				2EDAD2B02A135F250030FA42 /* NetworkConnectivityCheck.app */,
			);
			name = Products;
			sourceTree = "<group>";
		};
		2EDAD2B22A135F250030FA42 /* NetworkConnectivityCheck */ = {
			isa = PBXGroup;
			children = (
				2EDAD2B32A135F250030FA42 /* AppDelegate.swift */,
				2EDAD2B52A135F250030FA42 /* SceneDelegate.swift */,
				2EDAD2B72A135F250030FA42 /* ViewController.swift */,
				2EDAD2B92A135F250030FA42 /* Main.storyboard */,
				2EDAD2BF2A135F280030FA42 /* Assets.xcassets */,
				2EDAD2C12A135F280030FA42 /* LaunchScreen.storyboard */,
				2EDAD2C42A135F280030FA42 /* Info.plist */,
				2EDAD2BC2A135F250030FA42 /* NetworkConnectivityCheck.xcdatamodeld */,
			);
			path = NetworkConnectivityCheck;
			sourceTree = "<group>";
		};
/* End PBXGroup section */

/* Begin PBXNativeTarget section */
		2EDAD2AF2A135F250030FA42 /* NetworkConnectivityCheck */ = {
			isa = PBXNativeTarget;
			buildConfigurationList = 2EDAD2C72A135F280030FA42 /* Build configuration list for PBXNativeTarget "NetworkConnectivityCheck" */;
			buildPhases = (
				A15DA29C052CB827619004E6 /* [CP] Check Pods Manifest.lock */,
				2EDAD2AC2A135F250030FA42 /* Sources */,
				2EDAD2AD2A135F250030FA42 /* Frameworks */,
				2EDAD2AE2A135F250030FA42 /* Resources */,
				3F4E90FFBA621964C973BB3C /* [CP] Embed Pods Frameworks */,
			);
			buildRules = (
			);
			dependencies = (
			);
			name = NetworkConnectivityCheck;
			productName = NetworkConnectivityCheck;
			productReference = 2EDAD2B02A135F250030FA42 /* NetworkConnectivityCheck.app */;
			productType = "com.apple.product-type.application";
		};
/* End PBXNativeTarget section */

/* Begin PBXProject section */
		2EDAD2A82A135F250030FA42 /* Project object */ = {
			isa = PBXProject;
			attributes = {
				BuildIndependentTargetsInParallel = 1;
				LastSwiftUpdateCheck = 1430;
				LastUpgradeCheck = 1430;
				TargetAttributes = {
					2EDAD2AF2A135F250030FA42 = {
						CreatedOnToolsVersion = 14.3;
					};
				};
			};
			buildConfigurationList = 2EDAD2AB2A135F250030FA42 /* Build configuration list for PBXProject "NetworkConnectivityCheck" */;
			compatibilityVersion = "Xcode 14.0";
			developmentRegion = en;
			hasScannedForEncodings = 0;
			knownRegions = (
				en,
				Base,
			);
			mainGroup = 2EDAD2A72A135F250030FA42;
			productRefGroup = 2EDAD2B12A135F250030FA42 /* Products */;
			projectDirPath = "";
			projectRoot = "";
			targets = (
				2EDAD2AF2A135F250030FA42 /* NetworkConnectivityCheck */,
			);
		};
/* End PBXProject section */

/* Begin PBXResourcesBuildPhase section */
		2EDAD2AE2A135F250030FA42 /* Resources */ = {
			isa = PBXResourcesBuildPhase;
			buildActionMask = 2147483647;
			files = (
				2EDAD2C32A135F280030FA42 /* LaunchScreen.storyboard in Resources */,
				2EDAD2C02A135F280030FA42 /* Assets.xcassets in Resources */,
				2EDAD2BB2A135F250030FA42 /* Main.storyboard in Resources */,
			);
			runOnlyForDeploymentPostprocessing = 0;
		};
/* End PBXResourcesBuildPhase section */

/* Begin PBXShellScriptBuildPhase section */
		3F4E90FFBA621964C973BB3C /* [CP] Embed Pods Frameworks */ = {
			isa = PBXShellScriptBuildPhase;
			buildActionMask = 2147483647;
			files = (
			);
			inputFileListPaths = (
				"${PODS_ROOT}/Target Support Files/Pods-NetworkConnectivityCheck/Pods-NetworkConnectivityCheck-frameworks-${CONFIGURATION}-input-files.xcfilelist",
			);
			name = "[CP] Embed Pods Frameworks";
			outputFileListPaths = (
				"${PODS_ROOT}/Target Support Files/Pods-NetworkConnectivityCheck/Pods-NetworkConnectivityCheck-frameworks-${CONFIGURATION}-output-files.xcfilelist",
			);
			runOnlyForDeploymentPostprocessing = 0;
			shellPath = /bin/sh;
			shellScript = "\"${PODS_ROOT}/Target Support Files/Pods-NetworkConnectivityCheck/Pods-NetworkConnectivityCheck-frameworks.sh\"\n";
			showEnvVarsInLog = 0;
		};
		A15DA29C052CB827619004E6 /* [CP] Check Pods Manifest.lock */ = {
			isa = PBXShellScriptBuildPhase;
			buildActionMask = 2147483647;
			files = (
			);
			inputFileListPaths = (
			);
			inputPaths = (
				"${PODS_PODFILE_DIR_PATH}/Podfile.lock",
				"${PODS_ROOT}/Manifest.lock",
			);
			name = "[CP] Check Pods Manifest.lock";
			outputFileListPaths = (
			);
			outputPaths = (
				"$(DERIVED_FILE_DIR)/Pods-NetworkConnectivityCheck-checkManifestLockResult.txt",
			);
			runOnlyForDeploymentPostprocessing = 0;
			shellPath = /bin/sh;
			shellScript = "diff \"${PODS_PODFILE_DIR_PATH}/Podfile.lock\" \"${PODS_ROOT}/Manifest.lock\" > /dev/null\nif [ $? != 0 ] ; then\n    # print error to STDERR\n    echo \"error: The sandbox is not in sync with the Podfile.lock. Run 'pod install' or update your CocoaPods installation.\" >&2\n    exit 1\nfi\n# This output is used by Xcode 'outputs' to avoid re-running this script phase.\necho \"SUCCESS\" > \"${SCRIPT_OUTPUT_FILE_0}\"\n";
			showEnvVarsInLog = 0;
		};
/* End PBXShellScriptBuildPhase section */

/* Begin PBXSourcesBuildPhase section */
		2EDAD2AC2A135F250030FA42 /* Sources */ = {
			isa = PBXSourcesBuildPhase;
			buildActionMask = 2147483647;
			files = (
				2EDAD2BE2A135F250030FA42 /* NetworkConnectivityCheck.xcdatamodeld in Sources */,
				2EDAD2B82A135F250030FA42 /* ViewController.swift in Sources */,
				2EDAD2B42A135F250030FA42 /* AppDelegate.swift in Sources */,
				2EDAD2B62A135F250030FA42 /* SceneDelegate.swift in Sources */,
			);
			runOnlyForDeploymentPostprocessing = 0;
		};
/* End PBXSourcesBuildPhase section */

/* Begin PBXVariantGroup section */
		2EDAD2B92A135F250030FA42 /* Main.storyboard */ = {
			isa = PBXVariantGroup;
			children = (
				2EDAD2BA2A135F250030FA42 /* Base */,
			);
			name = Main.storyboard;
			sourceTree = "<group>";
		};
		2EDAD2C12A135F280030FA42 /* LaunchScreen.storyboard */ = {
			isa = PBXVariantGroup;
			children = (
				2EDAD2C22A135F280030FA42 /* Base */,
			);
			name = LaunchScreen.storyboard;
			sourceTree = "<group>";
		};
/* End PBXVariantGroup section */

/* Begin XCBuildConfiguration section */
		2EDAD2C52A135F280030FA42 /* Debug */ = {
			isa = XCBuildConfiguration;
			buildSettings = {
				ALWAYS_SEARCH_USER_PATHS = NO;
				CLANG_ANALYZER_NONNULL = YES;
				CLANG_ANALYZER_NUMBER_OBJECT_CONVERSION = YES_AGGRESSIVE;
				CLANG_CXX_LANGUAGE_STANDARD = "gnu++20";
				CLANG_ENABLE_MODULES = YES;
				CLANG_ENABLE_OBJC_ARC = YES;
				CLANG_ENABLE_OBJC_WEAK = YES;
				CLANG_WARN_BLOCK_CAPTURE_AUTORELEASING = YES;
				CLANG_WARN_BOOL_CONVERSION = YES;
				CLANG_WARN_COMMA = YES;
				CLANG_WARN_CONSTANT_CONVERSION = YES;
				CLANG_WARN_DEPRECATED_OBJC_IMPLEMENTATIONS = YES;
				CLANG_WARN_DIRECT_OBJC_ISA_USAGE = YES_ERROR;
				CLANG_WARN_DOCUMENTATION_COMMENTS = YES;
				CLANG_WARN_EMPTY_BODY = YES;
				CLANG_WARN_ENUM_CONVERSION = YES;
				CLANG_WARN_INFINITE_RECURSION = YES;
				CLANG_WARN_INT_CONVERSION = YES;
				CLANG_WARN_NON_LITERAL_NULL_CONVERSION = YES;
				CLANG_WARN_OBJC_IMPLICIT_RETAIN_SELF = YES;
				CLANG_WARN_OBJC_LITERAL_CONVERSION = YES;
				CLANG_WARN_OBJC_ROOT_CLASS = YES_ERROR;
				CLANG_WARN_QUOTED_INCLUDE_IN_FRAMEWORK_HEADER = YES;
				CLANG_WARN_RANGE_LOOP_ANALYSIS = YES;
				CLANG_WARN_STRICT_PROTOTYPES = YES;
				CLANG_WARN_SUSPICIOUS_MOVE = YES;
				CLANG_WARN_UNGUARDED_AVAILABILITY = YES_AGGRESSIVE;
				CLANG_WARN_UNREACHABLE_CODE = YES;
				CLANG_WARN__DUPLICATE_METHOD_MATCH = YES;
				COPY_PHASE_STRIP = NO;
				DEBUG_INFORMATION_FORMAT = dwarf;
				ENABLE_STRICT_OBJC_MSGSEND = YES;
				ENABLE_TESTABILITY = YES;
				GCC_C_LANGUAGE_STANDARD = gnu11;
				GCC_DYNAMIC_NO_PIC = NO;
				GCC_NO_COMMON_BLOCKS = YES;
				GCC_OPTIMIZATION_LEVEL = 0;
				GCC_PREPROCESSOR_DEFINITIONS = (
					"DEBUG=1",
					"$(inherited)",
				);
				GCC_WARN_64_TO_32_BIT_CONVERSION = YES;
				GCC_WARN_ABOUT_RETURN_TYPE = YES_ERROR;
				GCC_WARN_UNDECLARED_SELECTOR = YES;
				GCC_WARN_UNINITIALIZED_AUTOS = YES_AGGRESSIVE;
				GCC_WARN_UNUSED_FUNCTION = YES;
				GCC_WARN_UNUSED_VARIABLE = YES;
				IPHONEOS_DEPLOYMENT_TARGET = 16.4;
				MTL_ENABLE_DEBUG_INFO = INCLUDE_SOURCE;
				MTL_FAST_MATH = YES;
				ONLY_ACTIVE_ARCH = YES;
				SDKROOT = iphoneos;
				SWIFT_ACTIVE_COMPILATION_CONDITIONS = DEBUG;
				SWIFT_OPTIMIZATION_LEVEL = "-Onone";
			};
			name = Debug;
		};
		2EDAD2C62A135F280030FA42 /* Release */ = {
			isa = XCBuildConfiguration;
			buildSettings = {
				ALWAYS_SEARCH_USER_PATHS = NO;
				CLANG_ANALYZER_NONNULL = YES;
				CLANG_ANALYZER_NUMBER_OBJECT_CONVERSION = YES_AGGRESSIVE;
				CLANG_CXX_LANGUAGE_STANDARD = "gnu++20";
				CLANG_ENABLE_MODULES = YES;
				CLANG_ENABLE_OBJC_ARC = YES;
				CLANG_ENABLE_OBJC_WEAK = YES;
				CLANG_WARN_BLOCK_CAPTURE_AUTORELEASING = YES;
				CLANG_WARN_BOOL_CONVERSION = YES;
				CLANG_WARN_COMMA = YES;
				CLANG_WARN_CONSTANT_CONVERSION = YES;
				CLANG_WARN_DEPRECATED_OBJC_IMPLEMENTATIONS = YES;
				CLANG_WARN_DIRECT_OBJC_ISA_USAGE = YES_ERROR;
				CLANG_WARN_DOCUMENTATION_COMMENTS = YES;
				CLANG_WARN_EMPTY_BODY = YES;
				CLANG_WARN_ENUM_CONVERSION = YES;
				CLANG_WARN_INFINITE_RECURSION = YES;
				CLANG_WARN_INT_CONVERSION = YES;
				CLANG_WARN_NON_LITERAL_NULL_CONVERSION = YES;
				CLANG_WARN_OBJC_IMPLICIT_RETAIN_SELF = YES;
				CLANG_WARN_OBJC_LITERAL_CONVERSION = YES;
				CLANG_WARN_OBJC_ROOT_CLASS = YES_ERROR;
				CLANG_WARN_QUOTED_INCLUDE_IN_FRAMEWORK_HEADER = YES;
				CLANG_WARN_RANGE_LOOP_ANALYSIS = YES;
				CLANG_WARN_STRICT_PROTOTYPES = YES;
				CLANG_WARN_SUSPICIOUS_MOVE = YES;
				CLANG_WARN_UNGUARDED_AVAILABILITY = YES_AGGRESSIVE;
				CLANG_WARN_UNREACHABLE_CODE = YES;
				CLANG_WARN__DUPLICATE_METHOD_MATCH = YES;
				COPY_PHASE_STRIP = NO;
				DEBUG_INFORMATION_FORMAT = "dwarf-with-dsym";
				ENABLE_NS_ASSERTIONS = NO;
				ENABLE_STRICT_OBJC_MSGSEND = YES;
				GCC_C_LANGUAGE_STANDARD = gnu11;
				GCC_NO_COMMON_BLOCKS = YES;
				GCC_WARN_64_TO_32_BIT_CONVERSION = YES;
				GCC_WARN_ABOUT_RETURN_TYPE = YES_ERROR;
				GCC_WARN_UNDECLARED_SELECTOR = YES;
				GCC_WARN_UNINITIALIZED_AUTOS = YES_AGGRESSIVE;
				GCC_WARN_UNUSED_FUNCTION = YES;
				GCC_WARN_UNUSED_VARIABLE = YES;
				IPHONEOS_DEPLOYMENT_TARGET = 16.4;
				MTL_ENABLE_DEBUG_INFO = NO;
				MTL_FAST_MATH = YES;
				SDKROOT = iphoneos;
				SWIFT_COMPILATION_MODE = wholemodule;
				SWIFT_OPTIMIZATION_LEVEL = "-O";
				VALIDATE_PRODUCT = YES;
			};
			name = Release;
		};
		2EDAD2C82A135F280030FA42 /* Debug */ = {
			isa = XCBuildConfiguration;
			baseConfigurationReference = 69EFE26734DB0840540E59B8 /* Pods-NetworkConnectivityCheck.debug.xcconfig */;
			buildSettings = {
				ASSETCATALOG_COMPILER_APPICON_NAME = AppIcon;
				ASSETCATALOG_COMPILER_GLOBAL_ACCENT_COLOR_NAME = AccentColor;
				CODE_SIGN_STYLE = Automatic;
				CURRENT_PROJECT_VERSION = 1;
				DEVELOPMENT_TEAM = JFYN956J89;
				GENERATE_INFOPLIST_FILE = YES;
				INFOPLIST_FILE = NetworkConnectivityCheck/Info.plist;
				INFOPLIST_KEY_UIApplicationSupportsIndirectInputEvents = YES;
				INFOPLIST_KEY_UILaunchStoryboardName = LaunchScreen;
				INFOPLIST_KEY_UIMainStoryboardFile = Main;
				INFOPLIST_KEY_UISupportedInterfaceOrientations_iPad = "UIInterfaceOrientationPortrait UIInterfaceOrientationPortraitUpsideDown UIInterfaceOrientationLandscapeLeft UIInterfaceOrientationLandscapeRight";
				INFOPLIST_KEY_UISupportedInterfaceOrientations_iPhone = "UIInterfaceOrientationPortrait UIInterfaceOrientationLandscapeLeft UIInterfaceOrientationLandscapeRight";
				LD_RUNPATH_SEARCH_PATHS = (
					"$(inherited)",
					"@executable_path/Frameworks",
				);
				MARKETING_VERSION = 1.0;
				PRODUCT_BUNDLE_IDENTIFIER = alphonsa.NetworkConnectivityCheck;
				PRODUCT_NAME = "$(TARGET_NAME)";
				SWIFT_EMIT_LOC_STRINGS = YES;
				SWIFT_VERSION = 5.0;
				TARGETED_DEVICE_FAMILY = "1,2";
			};
			name = Debug;
		};
		2EDAD2C92A135F280030FA42 /* Release */ = {
			isa = XCBuildConfiguration;
			baseConfigurationReference = E3290EAB7B8901144FD27465 /* Pods-NetworkConnectivityCheck.release.xcconfig */;
			buildSettings = {
				ASSETCATALOG_COMPILER_APPICON_NAME = AppIcon;
				ASSETCATALOG_COMPILER_GLOBAL_ACCENT_COLOR_NAME = AccentColor;
				CODE_SIGN_STYLE = Automatic;
				CURRENT_PROJECT_VERSION = 1;
				DEVELOPMENT_TEAM = JFYN956J89;
				GENERATE_INFOPLIST_FILE = YES;
				INFOPLIST_FILE = NetworkConnectivityCheck/Info.plist;
				INFOPLIST_KEY_UIApplicationSupportsIndirectInputEvents = YES;
				INFOPLIST_KEY_UILaunchStoryboardName = LaunchScreen;
				INFOPLIST_KEY_UIMainStoryboardFile = Main;
				INFOPLIST_KEY_UISupportedInterfaceOrientations_iPad = "UIInterfaceOrientationPortrait UIInterfaceOrientationPortraitUpsideDown UIInterfaceOrientationLandscapeLeft UIInterfaceOrientationLandscapeRight";
				INFOPLIST_KEY_UISupportedInterfaceOrientations_iPhone = "UIInterfaceOrientationPortrait UIInterfaceOrientationLandscapeLeft UIInterfaceOrientationLandscapeRight";
				LD_RUNPATH_SEARCH_PATHS = (
					"$(inherited)",
					"@executable_path/Frameworks",
				);
				MARKETING_VERSION = 1.0;
				PRODUCT_BUNDLE_IDENTIFIER = alphonsa.NetworkConnectivityCheck;
				PRODUCT_NAME = "$(TARGET_NAME)";
				SWIFT_EMIT_LOC_STRINGS = YES;
				SWIFT_VERSION = 5.0;
				TARGETED_DEVICE_FAMILY = "1,2";
			};
			name = Release;
		};
/* End XCBuildConfiguration section */

/* Begin XCConfigurationList section */
		2EDAD2AB2A135F250030FA42 /* Build configuration list for PBXProject "NetworkConnectivityCheck" */ = {
			isa = XCConfigurationList;
			buildConfigurations = (
				2EDAD2C52A135F280030FA42 /* Debug */,
				2EDAD2C62A135F280030FA42 /* Release */,
			);
			defaultConfigurationIsVisible = 0;
			defaultConfigurationName = Release;
		};
		2EDAD2C72A135F280030FA42 /* Build configuration list for PBXNativeTarget "NetworkConnectivityCheck" */ = {
			isa = XCConfigurationList;
			buildConfigurations = (
				2EDAD2C82A135F280030FA42 /* Debug */,
				2EDAD2C92A135F280030FA42 /* Release */,
			);
			defaultConfigurationIsVisible = 0;
			defaultConfigurationName = Release;
		};
/* End XCConfigurationList section */

/* Begin XCVersionGroup section */
		2EDAD2BC2A135F250030FA42 /* NetworkConnectivityCheck.xcdatamodeld */ = {
			isa = XCVersionGroup;
			children = (
				2EDAD2BD2A135F250030FA42 /* NetworkConnectivityCheck.xcdatamodel */,
			);
			currentVersion = 2EDAD2BD2A135F250030FA42 /* NetworkConnectivityCheck.xcdatamodel */;
			path = NetworkConnectivityCheck.xcdatamodeld;
			sourceTree = "<group>";
			versionGroupType = wrapper.xcdatamodel;
		};
/* End XCVersionGroup section */
	};
	rootObject = 2EDAD2A82A135F250030FA42 /* Project object */;
}
